// !$*UTF8*$!
{
	archiveVersion = 1;
	classes = {
	};
	objectVersion = 46;
	objects = {

/* Begin PBXBuildFile section */
		6751D9501CA92E7100542F94 /* main.m in Sources */ = {isa = PBXBuildFile; fileRef = 6751D94F1CA92E7100542F94 /* main.m */; };
		6751D9531CA92E7100542F94 /* AppDelegate.m in Sources */ = {isa = PBXBuildFile; fileRef = 6751D9521CA92E7100542F94 /* AppDelegate.m */; };
		6751D9561CA92E7100542F94 /* ViewController.m in Sources */ = {isa = PBXBuildFile; fileRef = 6751D9551CA92E7100542F94 /* ViewController.m */; };
		6751D9591CA92E7100542F94 /* Main.storyboard in Resources */ = {isa = PBXBuildFile; fileRef = 6751D9571CA92E7100542F94 /* Main.storyboard */; };
		6751D95C1CA92E7100542F94 /* demoApplication.xcdatamodeld in Sources */ = {isa = PBXBuildFile; fileRef = 6751D95A1CA92E7100542F94 /* demoApplication.xcdatamodeld */; };
		6751D95E1CA92E7100542F94 /* Assets.xcassets in Resources */ = {isa = PBXBuildFile; fileRef = 6751D95D1CA92E7100542F94 /* Assets.xcassets */; };
		6751D9611CA92E7100542F94 /* LaunchScreen.storyboard in Resources */ = {isa = PBXBuildFile; fileRef = 6751D95F1CA92E7100542F94 /* LaunchScreen.storyboard */; };
		6751D96C1CA92E7200542F94 /* demoApplicationTests.m in Sources */ = {isa = PBXBuildFile; fileRef = 6751D96B1CA92E7200542F94 /* demoApplicationTests.m */; };
		6751D9771CA92E7200542F94 /* demoApplicationUITests.m in Sources */ = {isa = PBXBuildFile; fileRef = 6751D9761CA92E7200542F94 /* demoApplicationUITests.m */; };
		6751D98A1CAA1F4800542F94 /* ToolsHandler.m in Sources */ = {isa = PBXBuildFile; fileRef = 6751D9891CAA1F4800542F94 /* ToolsHandler.m */; };
		6751D98D1CAA26F200542F94 /* ToolsNetworking.m in Sources */ = {isa = PBXBuildFile; fileRef = 6751D98C1CAA26F200542F94 /* ToolsNetworking.m */; };
		6751D9A31CAA273B00542F94 /* AFHTTPRequestOperation.m in Sources */ = {isa = PBXBuildFile; fileRef = 6751D9911CAA273B00542F94 /* AFHTTPRequestOperation.m */; };
		6751D9A41CAA273B00542F94 /* AFHTTPRequestOperationManager.m in Sources */ = {isa = PBXBuildFile; fileRef = 6751D9931CAA273B00542F94 /* AFHTTPRequestOperationManager.m */; };
		6751D9A51CAA273B00542F94 /* AFHTTPSessionManager.m in Sources */ = {isa = PBXBuildFile; fileRef = 6751D9951CAA273B00542F94 /* AFHTTPSessionManager.m */; };
		6751D9A61CAA273B00542F94 /* AFNetworkReachabilityManager.m in Sources */ = {isa = PBXBuildFile; fileRef = 6751D9981CAA273B00542F94 /* AFNetworkReachabilityManager.m */; };
		6751D9A71CAA273B00542F94 /* AFSecurityPolicy.m in Sources */ = {isa = PBXBuildFile; fileRef = 6751D99A1CAA273B00542F94 /* AFSecurityPolicy.m */; };
		6751D9A81CAA273B00542F94 /* AFURLConnectionOperation.m in Sources */ = {isa = PBXBuildFile; fileRef = 6751D99C1CAA273B00542F94 /* AFURLConnectionOperation.m */; };
		6751D9A91CAA273B00542F94 /* AFURLRequestSerialization.m in Sources */ = {isa = PBXBuildFile; fileRef = 6751D99E1CAA273B00542F94 /* AFURLRequestSerialization.m */; };
		6751D9AA1CAA273B00542F94 /* AFURLResponseSerialization.m in Sources */ = {isa = PBXBuildFile; fileRef = 6751D9A01CAA273B00542F94 /* AFURLResponseSerialization.m */; };
		6751D9AB1CAA273B00542F94 /* AFURLSessionManager.m in Sources */ = {isa = PBXBuildFile; fileRef = 6751D9A21CAA273B00542F94 /* AFURLSessionManager.m */; };
		6751D9AF1CAA27DF00542F94 /* MobileCoreServices.framework in Frameworks */ = {isa = PBXBuildFile; fileRef = 6751D9AC1CAA27DF00542F94 /* MobileCoreServices.framework */; };
		6751D9B01CAA27DF00542F94 /* Security.framework in Frameworks */ = {isa = PBXBuildFile; fileRef = 6751D9AD1CAA27DF00542F94 /* Security.framework */; };
		6751D9B11CAA27DF00542F94 /* SystemConfiguration.framework in Frameworks */ = {isa = PBXBuildFile; fileRef = 6751D9AE1CAA27DF00542F94 /* SystemConfiguration.framework */; };
/* End PBXBuildFile section */

/* Begin PBXContainerItemProxy section */
		6751D9681CA92E7200542F94 /* PBXContainerItemProxy */ = {
			isa = PBXContainerItemProxy;
			containerPortal = 6751D9431CA92E7100542F94 /* Project object */;
			proxyType = 1;
			remoteGlobalIDString = 6751D94A1CA92E7100542F94;
			remoteInfo = demoApplication;
		};
		6751D9731CA92E7200542F94 /* PBXContainerItemProxy */ = {
			isa = PBXContainerItemProxy;
			containerPortal = 6751D9431CA92E7100542F94 /* Project object */;
			proxyType = 1;
			remoteGlobalIDString = 6751D94A1CA92E7100542F94;
			remoteInfo = demoApplication;
		};
/* End PBXContainerItemProxy section */

/* Begin PBXFileReference section */
		6751D94B1CA92E7100542F94 /* demoApplication.app */ = {isa = PBXFileReference; explicitFileType = wrapper.application; includeInIndex = 0; path = demoApplication.app; sourceTree = BUILT_PRODUCTS_DIR; };
		6751D94F1CA92E7100542F94 /* main.m */ = {isa = PBXFileReference; lastKnownFileType = sourcecode.c.objc; path = main.m; sourceTree = "<group>"; };
		6751D9511CA92E7100542F94 /* AppDelegate.h */ = {isa = PBXFileReference; lastKnownFileType = sourcecode.c.h; path = AppDelegate.h; sourceTree = "<group>"; };
		6751D9521CA92E7100542F94 /* AppDelegate.m */ = {isa = PBXFileReference; lastKnownFileType = sourcecode.c.objc; path = AppDelegate.m; sourceTree = "<group>"; };
		6751D9541CA92E7100542F94 /* ViewController.h */ = {isa = PBXFileReference; lastKnownFileType = sourcecode.c.h; path = ViewController.h; sourceTree = "<group>"; };
		6751D9551CA92E7100542F94 /* ViewController.m */ = {isa = PBXFileReference; lastKnownFileType = sourcecode.c.objc; path = ViewController.m; sourceTree = "<group>"; };
		6751D9581CA92E7100542F94 /* Base */ = {isa = PBXFileReference; lastKnownFileType = file.storyboard; name = Base; path = Base.lproj/Main.storyboard; sourceTree = "<group>"; };
		6751D95B1CA92E7100542F94 /* demoApplication.xcdatamodel */ = {isa = PBXFileReference; lastKnownFileType = wrapper.xcdatamodel; path = demoApplication.xcdatamodel; sourceTree = "<group>"; };
		6751D95D1CA92E7100542F94 /* Assets.xcassets */ = {isa = PBXFileReference; lastKnownFileType = folder.assetcatalog; path = Assets.xcassets; sourceTree = "<group>"; };
		6751D9601CA92E7100542F94 /* Base */ = {isa = PBXFileReference; lastKnownFileType = file.storyboard; name = Base; path = Base.lproj/LaunchScreen.storyboard; sourceTree = "<group>"; };
		6751D9621CA92E7100542F94 /* Info.plist */ = {isa = PBXFileReference; lastKnownFileType = text.plist.xml; path = Info.plist; sourceTree = "<group>"; };
		6751D9671CA92E7200542F94 /* demoApplicationTests.xctest */ = {isa = PBXFileReference; explicitFileType = wrapper.cfbundle; includeInIndex = 0; path = demoApplicationTests.xctest; sourceTree = BUILT_PRODUCTS_DIR; };
		6751D96B1CA92E7200542F94 /* demoApplicationTests.m */ = {isa = PBXFileReference; lastKnownFileType = sourcecode.c.objc; path = demoApplicationTests.m; sourceTree = "<group>"; };
		6751D96D1CA92E7200542F94 /* Info.plist */ = {isa = PBXFileReference; lastKnownFileType = text.plist.xml; path = Info.plist; sourceTree = "<group>"; };
		6751D9721CA92E7200542F94 /* demoApplicationUITests.xctest */ = {isa = PBXFileReference; explicitFileType = wrapper.cfbundle; includeInIndex = 0; path = demoApplicationUITests.xctest; sourceTree = BUILT_PRODUCTS_DIR; };
		6751D9761CA92E7200542F94 /* demoApplicationUITests.m */ = {isa = PBXFileReference; lastKnownFileType = sourcecode.c.objc; path = demoApplicationUITests.m; sourceTree = "<group>"; };
		6751D9781CA92E7200542F94 /* Info.plist */ = {isa = PBXFileReference; lastKnownFileType = text.plist.xml; path = Info.plist; sourceTree = "<group>"; };
		6751D9881CAA1F4800542F94 /* ToolsHandler.h */ = {isa = PBXFileReference; fileEncoding = 4; lastKnownFileType = sourcecode.c.h; path = ToolsHandler.h; sourceTree = "<group>"; };
		6751D9891CAA1F4800542F94 /* ToolsHandler.m */ = {isa = PBXFileReference; fileEncoding = 4; lastKnownFileType = sourcecode.c.objc; path = ToolsHandler.m; sourceTree = "<group>"; };
		6751D98B1CAA26F200542F94 /* ToolsNetworking.h */ = {isa = PBXFileReference; fileEncoding = 4; lastKnownFileType = sourcecode.c.h; path = ToolsNetworking.h; sourceTree = "<group>"; };
		6751D98C1CAA26F200542F94 /* ToolsNetworking.m */ = {isa = PBXFileReference; fileEncoding = 4; lastKnownFileType = sourcecode.c.objc; path = ToolsNetworking.m; sourceTree = "<group>"; };
		6751D9901CAA273B00542F94 /* AFHTTPRequestOperation.h */ = {isa = PBXFileReference; fileEncoding = 4; lastKnownFileType = sourcecode.c.h; path = AFHTTPRequestOperation.h; sourceTree = "<group>"; };
		6751D9911CAA273B00542F94 /* AFHTTPRequestOperation.m */ = {isa = PBXFileReference; fileEncoding = 4; lastKnownFileType = sourcecode.c.objc; path = AFHTTPRequestOperation.m; sourceTree = "<group>"; };
		6751D9921CAA273B00542F94 /* AFHTTPRequestOperationManager.h */ = {isa = PBXFileReference; fileEncoding = 4; lastKnownFileType = sourcecode.c.h; path = AFHTTPRequestOperationManager.h; sourceTree = "<group>"; };
		6751D9931CAA273B00542F94 /* AFHTTPRequestOperationManager.m */ = {isa = PBXFileReference; fileEncoding = 4; lastKnownFileType = sourcecode.c.objc; path = AFHTTPRequestOperationManager.m; sourceTree = "<group>"; };
		6751D9941CAA273B00542F94 /* AFHTTPSessionManager.h */ = {isa = PBXFileReference; fileEncoding = 4; lastKnownFileType = sourcecode.c.h; path = AFHTTPSessionManager.h; sourceTree = "<group>"; };
		6751D9951CAA273B00542F94 /* AFHTTPSessionManager.m */ = {isa = PBXFileReference; fileEncoding = 4; lastKnownFileType = sourcecode.c.objc; path = AFHTTPSessionManager.m; sourceTree = "<group>"; };
		6751D9961CAA273B00542F94 /* AFNetworking.h */ = {isa = PBXFileReference; fileEncoding = 4; lastKnownFileType = sourcecode.c.h; path = AFNetworking.h; sourceTree = "<group>"; };
		6751D9971CAA273B00542F94 /* AFNetworkReachabilityManager.h */ = {isa = PBXFileReference; fileEncoding = 4; lastKnownFileType = sourcecode.c.h; path = AFNetworkReachabilityManager.h; sourceTree = "<group>"; };
		6751D9981CAA273B00542F94 /* AFNetworkReachabilityManager.m */ = {isa = PBXFileReference; fileEncoding = 4; lastKnownFileType = sourcecode.c.objc; path = AFNetworkReachabilityManager.m; sourceTree = "<group>"; };
		6751D9991CAA273B00542F94 /* AFSecurityPolicy.h */ = {isa = PBXFileReference; fileEncoding = 4; lastKnownFileType = sourcecode.c.h; path = AFSecurityPolicy.h; sourceTree = "<group>"; };
		6751D99A1CAA273B00542F94 /* AFSecurityPolicy.m */ = {isa = PBXFileReference; fileEncoding = 4; lastKnownFileType = sourcecode.c.objc; path = AFSecurityPolicy.m; sourceTree = "<group>"; };
		6751D99B1CAA273B00542F94 /* AFURLConnectionOperation.h */ = {isa = PBXFileReference; fileEncoding = 4; lastKnownFileType = sourcecode.c.h; path = AFURLConnectionOperation.h; sourceTree = "<group>"; };
		6751D99C1CAA273B00542F94 /* AFURLConnectionOperation.m */ = {isa = PBXFileReference; fileEncoding = 4; lastKnownFileType = sourcecode.c.objc; path = AFURLConnectionOperation.m; sourceTree = "<group>"; };
		6751D99D1CAA273B00542F94 /* AFURLRequestSerialization.h */ = {isa = PBXFileReference; fileEncoding = 4; lastKnownFileType = sourcecode.c.h; path = AFURLRequestSerialization.h; sourceTree = "<group>"; };
		6751D99E1CAA273B00542F94 /* AFURLRequestSerialization.m */ = {isa = PBXFileReference; fileEncoding = 4; lastKnownFileType = sourcecode.c.objc; path = AFURLRequestSerialization.m; sourceTree = "<group>"; };
		6751D99F1CAA273B00542F94 /* AFURLResponseSerialization.h */ = {isa = PBXFileReference; fileEncoding = 4; lastKnownFileType = sourcecode.c.h; path = AFURLResponseSerialization.h; sourceTree = "<group>"; };
		6751D9A01CAA273B00542F94 /* AFURLResponseSerialization.m */ = {isa = PBXFileReference; fileEncoding = 4; lastKnownFileType = sourcecode.c.objc; path = AFURLResponseSerialization.m; sourceTree = "<group>"; };
		6751D9A11CAA273B00542F94 /* AFURLSessionManager.h */ = {isa = PBXFileReference; fileEncoding = 4; lastKnownFileType = sourcecode.c.h; path = AFURLSessionManager.h; sourceTree = "<group>"; };
		6751D9A21CAA273B00542F94 /* AFURLSessionManager.m */ = {isa = PBXFileReference; fileEncoding = 4; lastKnownFileType = sourcecode.c.objc; path = AFURLSessionManager.m; sourceTree = "<group>"; };
		6751D9AC1CAA27DF00542F94 /* MobileCoreServices.framework */ = {isa = PBXFileReference; lastKnownFileType = wrapper.framework; name = MobileCoreServices.framework; path = System/Library/Frameworks/MobileCoreServices.framework; sourceTree = SDKROOT; };
		6751D9AD1CAA27DF00542F94 /* Security.framework */ = {isa = PBXFileReference; lastKnownFileType = wrapper.framework; name = Security.framework; path = System/Library/Frameworks/Security.framework; sourceTree = SDKROOT; };
		6751D9AE1CAA27DF00542F94 /* SystemConfiguration.framework */ = {isa = PBXFileReference; lastKnownFileType = wrapper.framework; name = SystemConfiguration.framework; path = System/Library/Frameworks/SystemConfiguration.framework; sourceTree = SDKROOT; };
/* End PBXFileReference section */

/* Begin PBXFrameworksBuildPhase section */
		6751D9481CA92E7100542F94 /* Frameworks */ = {
			isa = PBXFrameworksBuildPhase;
			buildActionMask = 2147483647;
			files = (
				6751D9AF1CAA27DF00542F94 /* MobileCoreServices.framework in Frameworks */,
				6751D9B01CAA27DF00542F94 /* Security.framework in Frameworks */,
				6751D9B11CAA27DF00542F94 /* SystemConfiguration.framework in Frameworks */,
			);
			runOnlyForDeploymentPostprocessing = 0;
		};
		6751D9641CA92E7200542F94 /* Frameworks */ = {
			isa = PBXFrameworksBuildPhase;
			buildActionMask = 2147483647;
			files = (
			);
			runOnlyForDeploymentPostprocessing = 0;
		};
		6751D96F1CA92E7200542F94 /* Frameworks */ = {
			isa = PBXFrameworksBuildPhase;
			buildActionMask = 2147483647;
			files = (
			);
			runOnlyForDeploymentPostprocessing = 0;
		};
/* End PBXFrameworksBuildPhase section */

/* Begin PBXGroup section */
		6751D9421CA92E7100542F94 = {
			isa = PBXGroup;
			children = (
				6751D98E1CAA271400542F94 /* Frameworks */,
				6751D9841CAA1E4500542F94 /* New Group */,
				6751D96A1CA92E7200542F94 /* demoApplicationTests */,
				6751D9751CA92E7200542F94 /* demoApplicationUITests */,
				6751D94C1CA92E7100542F94 /* Products */,
			);
			sourceTree = "<group>";
		};
		6751D94C1CA92E7100542F94 /* Products */ = {
			isa = PBXGroup;
			children = (
				6751D94B1CA92E7100542F94 /* demoApplication.app */,
				6751D9671CA92E7200542F94 /* demoApplicationTests.xctest */,
				6751D9721CA92E7200542F94 /* demoApplicationUITests.xctest */,
			);
			name = Products;
			sourceTree = "<group>";
		};
		6751D94D1CA92E7100542F94 /* demoApplication */ = {
			isa = PBXGroup;
			children = (
				6751D9511CA92E7100542F94 /* AppDelegate.h */,
				6751D9521CA92E7100542F94 /* AppDelegate.m */,
				6751D9541CA92E7100542F94 /* ViewController.h */,
				6751D9551CA92E7100542F94 /* ViewController.m */,
				6751D9571CA92E7100542F94 /* Main.storyboard */,
				6751D95D1CA92E7100542F94 /* Assets.xcassets */,
				6751D95F1CA92E7100542F94 /* LaunchScreen.storyboard */,
				6751D9621CA92E7100542F94 /* Info.plist */,
				6751D95A1CA92E7100542F94 /* demoApplication.xcdatamodeld */,
				6751D94E1CA92E7100542F94 /* Supporting Files */,
			);
			path = demoApplication;
			sourceTree = "<group>";
		};
		6751D94E1CA92E7100542F94 /* Supporting Files */ = {
			isa = PBXGroup;
			children = (
				6751D94F1CA92E7100542F94 /* main.m */,
			);
			name = "Supporting Files";
			sourceTree = "<group>";
		};
		6751D96A1CA92E7200542F94 /* demoApplicationTests */ = {
			isa = PBXGroup;
			children = (
				6751D96B1CA92E7200542F94 /* demoApplicationTests.m */,
				6751D96D1CA92E7200542F94 /* Info.plist */,
			);
			path = demoApplicationTests;
			sourceTree = "<group>";
		};
		6751D9751CA92E7200542F94 /* demoApplicationUITests */ = {
			isa = PBXGroup;
			children = (
				6751D9761CA92E7200542F94 /* demoApplicationUITests.m */,
				6751D9781CA92E7200542F94 /* Info.plist */,
			);
			path = demoApplicationUITests;
			sourceTree = "<group>";
		};
		6751D9841CAA1E4500542F94 /* New Group */ = {
			isa = PBXGroup;
			children = (
				6751D98F1CAA273B00542F94 /* AFNetworking */,
				6751D9851CAA1E6300542F94 /* tools */,
				6751D94D1CA92E7100542F94 /* demoApplication */,
			);
			name = "New Group";
			sourceTree = "<group>";
		};
		6751D9851CAA1E6300542F94 /* tools */ = {
			isa = PBXGroup;
			children = (
				6751D9881CAA1F4800542F94 /* ToolsHandler.h */,
				6751D9891CAA1F4800542F94 /* ToolsHandler.m */,
				6751D98B1CAA26F200542F94 /* ToolsNetworking.h */,
				6751D98C1CAA26F200542F94 /* ToolsNetworking.m */,
			);
			name = tools;
			sourceTree = "<group>";
		};
		6751D98E1CAA271400542F94 /* Frameworks */ = {
			isa = PBXGroup;
			children = (
				6751D9AC1CAA27DF00542F94 /* MobileCoreServices.framework */,
				6751D9AD1CAA27DF00542F94 /* Security.framework */,
				6751D9AE1CAA27DF00542F94 /* SystemConfiguration.framework */,
			);
			name = Frameworks;
			sourceTree = "<group>";
		};
		6751D98F1CAA273B00542F94 /* AFNetworking */ = {
			isa = PBXGroup;
			children = (
				6751D9901CAA273B00542F94 /* AFHTTPRequestOperation.h */,
				6751D9911CAA273B00542F94 /* AFHTTPRequestOperation.m */,
				6751D9921CAA273B00542F94 /* AFHTTPRequestOperationManager.h */,
				6751D9931CAA273B00542F94 /* AFHTTPRequestOperationManager.m */,
				6751D9941CAA273B00542F94 /* AFHTTPSessionManager.h */,
				6751D9951CAA273B00542F94 /* AFHTTPSessionManager.m */,
				6751D9961CAA273B00542F94 /* AFNetworking.h */,
				6751D9971CAA273B00542F94 /* AFNetworkReachabilityManager.h */,
				6751D9981CAA273B00542F94 /* AFNetworkReachabilityManager.m */,
				6751D9991CAA273B00542F94 /* AFSecurityPolicy.h */,
				6751D99A1CAA273B00542F94 /* AFSecurityPolicy.m */,
				6751D99B1CAA273B00542F94 /* AFURLConnectionOperation.h */,
				6751D99C1CAA273B00542F94 /* AFURLConnectionOperation.m */,
				6751D99D1CAA273B00542F94 /* AFURLRequestSerialization.h */,
				6751D99E1CAA273B00542F94 /* AFURLRequestSerialization.m */,
				6751D99F1CAA273B00542F94 /* AFURLResponseSerialization.h */,
				6751D9A01CAA273B00542F94 /* AFURLResponseSerialization.m */,
				6751D9A11CAA273B00542F94 /* AFURLSessionManager.h */,
				6751D9A21CAA273B00542F94 /* AFURLSessionManager.m */,
			);
			name = AFNetworking;
			path = ../tableview/AFNetworking;
			sourceTree = "<group>";
		};
/* End PBXGroup section */

/* Begin PBXNativeTarget section */
		6751D94A1CA92E7100542F94 /* demoApplication */ = {
			isa = PBXNativeTarget;
			buildConfigurationList = 6751D97B1CA92E7200542F94 /* Build configuration list for PBXNativeTarget "demoApplication" */;
			buildPhases = (
				6751D9471CA92E7100542F94 /* Sources */,
				6751D9481CA92E7100542F94 /* Frameworks */,
				6751D9491CA92E7100542F94 /* Resources */,
			);
			buildRules = (
			);
			dependencies = (
			);
			name = demoApplication;
			productName = demoApplication;
			productReference = 6751D94B1CA92E7100542F94 /* demoApplication.app */;
			productType = "com.apple.product-type.application";
		};
		6751D9661CA92E7200542F94 /* demoApplicationTests */ = {
			isa = PBXNativeTarget;
			buildConfigurationList = 6751D97E1CA92E7200542F94 /* Build configuration list for PBXNativeTarget "demoApplicationTests" */;
			buildPhases = (
				6751D9631CA92E7200542F94 /* Sources */,
				6751D9641CA92E7200542F94 /* Frameworks */,
				6751D9651CA92E7200542F94 /* Resources */,
			);
			buildRules = (
			);
			dependencies = (
				6751D9691CA92E7200542F94 /* PBXTargetDependency */,
			);
			name = demoApplicationTests;
			productName = demoApplicationTests;
			productReference = 6751D9671CA92E7200542F94 /* demoApplicationTests.xctest */;
			productType = "com.apple.product-type.bundle.unit-test";
		};
		6751D9711CA92E7200542F94 /* demoApplicationUITests */ = {
			isa = PBXNativeTarget;
			buildConfigurationList = 6751D9811CA92E7200542F94 /* Build configuration list for PBXNativeTarget "demoApplicationUITests" */;
			buildPhases = (
				6751D96E1CA92E7200542F94 /* Sources */,
				6751D96F1CA92E7200542F94 /* Frameworks */,
				6751D9701CA92E7200542F94 /* Resources */,
			);
			buildRules = (
			);
			dependencies = (
				6751D9741CA92E7200542F94 /* PBXTargetDependency */,
			);
			name = demoApplicationUITests;
			productName = demoApplicationUITests;
			productReference = 6751D9721CA92E7200542F94 /* demoApplicationUITests.xctest */;
			productType = "com.apple.product-type.bundle.ui-testing";
		};
/* End PBXNativeTarget section */

/* Begin PBXProject section */
		6751D9431CA92E7100542F94 /* Project object */ = {
			isa = PBXProject;
			attributes = {
				LastUpgradeCheck = 0720;
				ORGANIZATIONNAME = YJ;
				TargetAttributes = {
					6751D94A1CA92E7100542F94 = {
						CreatedOnToolsVersion = 7.2.1;
						DevelopmentTeam = Q5UY72274Y;
					};
					6751D9661CA92E7200542F94 = {
						CreatedOnToolsVersion = 7.2.1;
						DevelopmentTeam = Q5UY72274Y;
						TestTargetID = 6751D94A1CA92E7100542F94;
					};
					6751D9711CA92E7200542F94 = {
						CreatedOnToolsVersion = 7.2.1;
						DevelopmentTeam = Q5UY72274Y;
						TestTargetID = 6751D94A1CA92E7100542F94;
					};
				};
			};
			buildConfigurationList = 6751D9461CA92E7100542F94 /* Build configuration list for PBXProject "demoApplication" */;
			compatibilityVersion = "Xcode 3.2";
			developmentRegion = English;
			hasScannedForEncodings = 0;
			knownRegions = (
				en,
				Base,
			);
			mainGroup = 6751D9421CA92E7100542F94;
			productRefGroup = 6751D94C1CA92E7100542F94 /* Products */;
			projectDirPath = "";
			projectRoot = "";
			targets = (
				6751D94A1CA92E7100542F94 /* demoApplication */,
				6751D9661CA92E7200542F94 /* demoApplicationTests */,
				6751D9711CA92E7200542F94 /* demoApplicationUITests */,
			);
		};
/* End PBXProject section */

/* Begin PBXResourcesBuildPhase section */
		6751D9491CA92E7100542F94 /* Resources */ = {
			isa = PBXResourcesBuildPhase;
			buildActionMask = 2147483647;
			files = (
				6751D9611CA92E7100542F94 /* LaunchScreen.storyboard in Resources */,
				6751D95E1CA92E7100542F94 /* Assets.xcassets in Resources */,
				6751D9591CA92E7100542F94 /* Main.storyboard in Resources */,
			);
			runOnlyForDeploymentPostprocessing = 0;
		};
		6751D9651CA92E7200542F94 /* Resources */ = {
			isa = PBXResourcesBuildPhase;
			buildActionMask = 2147483647;
			files = (
			);
			runOnlyForDeploymentPostprocessing = 0;
		};
		6751D9701CA92E7200542F94 /* Resources */ = {
			isa = PBXResourcesBuildPhase;
			buildActionMask = 2147483647;
			files = (
			);
			runOnlyForDeploymentPostprocessing = 0;
		};
/* End PBXResourcesBuildPhase section */

/* Begin PBXSourcesBuildPhase section */
		6751D9471CA92E7100542F94 /* Sources */ = {
			isa = PBXSourcesBuildPhase;
			buildActionMask = 2147483647;
			files = (
				6751D9AB1CAA273B00542F94 /* AFURLSessionManager.m in Sources */,
				6751D9561CA92E7100542F94 /* ViewController.m in Sources */,
				6751D95C1CA92E7100542F94 /* demoApplication.xcdatamodeld in Sources */,
				6751D9A61CAA273B00542F94 /* AFNetworkReachabilityManager.m in Sources */,
				6751D9531CA92E7100542F94 /* AppDelegate.m in Sources */,
				6751D9A81CAA273B00542F94 /* AFURLConnectionOperation.m in Sources */,
				6751D9A51CAA273B00542F94 /* AFHTTPSessionManager.m in Sources */,
				6751D9A91CAA273B00542F94 /* AFURLRequestSerialization.m in Sources */,
				6751D98A1CAA1F4800542F94 /* ToolsHandler.m in Sources */,
				6751D9501CA92E7100542F94 /* main.m in Sources */,
				6751D98D1CAA26F200542F94 /* ToolsNetworking.m in Sources */,
				6751D9A41CAA273B00542F94 /* AFHTTPRequestOperationManager.m in Sources */,
				6751D9A71CAA273B00542F94 /* AFSecurityPolicy.m in Sources */,
				6751D9AA1CAA273B00542F94 /* AFURLResponseSerialization.m in Sources */,
				6751D9A31CAA273B00542F94 /* AFHTTPRequestOperation.m in Sources */,
			);
			runOnlyForDeploymentPostprocessing = 0;
		};
		6751D9631CA92E7200542F94 /* Sources */ = {
			isa = PBXSourcesBuildPhase;
			buildActionMask = 2147483647;
			files = (
				6751D96C1CA92E7200542F94 /* demoApplicationTests.m in Sources */,
			);
			runOnlyForDeploymentPostprocessing = 0;
		};
		6751D96E1CA92E7200542F94 /* Sources */ = {
			isa = PBXSourcesBuildPhase;
			buildActionMask = 2147483647;
			files = (
				6751D9771CA92E7200542F94 /* demoApplicationUITests.m in Sources */,
			);
			runOnlyForDeploymentPostprocessing = 0;
		};
/* End PBXSourcesBuildPhase section */

/* Begin PBXTargetDependency section */
		6751D9691CA92E7200542F94 /* PBXTargetDependency */ = {
			isa = PBXTargetDependency;
			target = 6751D94A1CA92E7100542F94 /* demoApplication */;
			targetProxy = 6751D9681CA92E7200542F94 /* PBXContainerItemProxy */;
		};
		6751D9741CA92E7200542F94 /* PBXTargetDependency */ = {
			isa = PBXTargetDependency;
			target = 6751D94A1CA92E7100542F94 /* demoApplication */;
			targetProxy = 6751D9731CA92E7200542F94 /* PBXContainerItemProxy */;
		};
/* End PBXTargetDependency section */

/* Begin PBXVariantGroup section */
		6751D9571CA92E7100542F94 /* Main.storyboard */ = {
			isa = PBXVariantGroup;
			children = (
				6751D9581CA92E7100542F94 /* Base */,
			);
			name = Main.storyboard;
			sourceTree = "<group>";
		};
		6751D95F1CA92E7100542F94 /* LaunchScreen.storyboard */ = {
			isa = PBXVariantGroup;
			children = (
				6751D9601CA92E7100542F94 /* Base */,
			);
			name = LaunchScreen.storyboard;
			sourceTree = "<group>";
		};
/* End PBXVariantGroup section */

/* Begin XCBuildConfiguration section */
		6751D9791CA92E7200542F94 /* Debug */ = {
			isa = XCBuildConfiguration;
			buildSettings = {
				ALWAYS_SEARCH_USER_PATHS = NO;
				CLANG_CXX_LANGUAGE_STANDARD = "gnu++0x";
				CLANG_CXX_LIBRARY = "libc++";
				CLANG_ENABLE_MODULES = YES;
				CLANG_ENABLE_OBJC_ARC = YES;
				CLANG_WARN_BOOL_CONVERSION = YES;
				CLANG_WARN_CONSTANT_CONVERSION = YES;
				CLANG_WARN_DIRECT_OBJC_ISA_USAGE = YES_ERROR;
				CLANG_WARN_EMPTY_BODY = YES;
				CLANG_WARN_ENUM_CONVERSION = YES;
				CLANG_WARN_INT_CONVERSION = YES;
				CLANG_WARN_OBJC_ROOT_CLASS = YES_ERROR;
				CLANG_WARN_UNREACHABLE_CODE = YES;
				CLANG_WARN__DUPLICATE_METHOD_MATCH = YES;
				"CODE_SIGN_IDENTITY[sdk=iphoneos*]" = "iPhone Developer";
				COPY_PHASE_STRIP = NO;
				DEBUG_INFORMATION_FORMAT = dwarf;
				ENABLE_STRICT_OBJC_MSGSEND = YES;
				ENABLE_TESTABILITY = YES;
				GCC_C_LANGUAGE_STANDARD = gnu99;
				GCC_DYNAMIC_NO_PIC = NO;
				GCC_NO_COMMON_BLOCKS = YES;
				GCC_OPTIMIZATION_LEVEL = 0;
				GCC_PREPROCESSOR_DEFINITIONS = (
					"DEBUG=1",
					"$(inherited)",
				);
				GCC_WARN_64_TO_32_BIT_CONVERSION = YES;
				GCC_WARN_ABOUT_RETURN_TYPE = YES_ERROR;
				GCC_WARN_UNDECLARED_SELECTOR = YES;
				GCC_WARN_UNINITIALIZED_AUTOS = YES_AGGRESSIVE;
				GCC_WARN_UNUSED_FUNCTION = YES;
				GCC_WARN_UNUSED_VARIABLE = YES;
				IPHONEOS_DEPLOYMENT_TARGET = 9.2;
				MTL_ENABLE_DEBUG_INFO = YES;
				ONLY_ACTIVE_ARCH = YES;
				SDKROOT = iphoneos;
				TARGETED_DEVICE_FAMILY = "1,2";
			};
			name = Debug;
		};
		6751D97A1CA92E7200542F94 /* Release */ = {
			isa = XCBuildConfiguration;
			buildSettings = {
				ALWAYS_SEARCH_USER_PATHS = NO;
				CLANG_CXX_LANGUAGE_STANDARD = "gnu++0x";
				CLANG_CXX_LIBRARY = "libc++";
				CLANG_ENABLE_MODULES = YES;
				CLANG_ENABLE_OBJC_ARC = YES;
				CLANG_WARN_BOOL_CONVERSION = YES;
				CLANG_WARN_CONSTANT_CONVERSION = YES;
				CLANG_WARN_DIRECT_OBJC_ISA_USAGE = YES_ERROR;
				CLANG_WARN_EMPTY_BODY = YES;
				CLANG_WARN_ENUM_CONVERSION = YES;
				CLANG_WARN_INT_CONVERSION = YES;
				CLANG_WARN_OBJC_ROOT_CLASS = YES_ERROR;
				CLANG_WARN_UNREACHABLE_CODE = YES;
				CLANG_WARN__DUPLICATE_METHOD_MATCH = YES;
				"CODE_SIGN_IDENTITY[sdk=iphoneos*]" = "iPhone Developer";
				COPY_PHASE_STRIP = NO;
				DEBUG_INFORMATION_FORMAT = "dwarf-with-dsym";
				ENABLE_NS_ASSERTIONS = NO;
				ENABLE_STRICT_OBJC_MSGSEND = YES;
				GCC_C_LANGUAGE_STANDARD = gnu99;
				GCC_NO_COMMON_BLOCKS = YES;
				GCC_WARN_64_TO_32_BIT_CONVERSION = YES;
				GCC_WARN_ABOUT_RETURN_TYPE = YES_ERROR;
				GCC_WARN_UNDECLARED_SELECTOR = YES;
				GCC_WARN_UNINITIALIZED_AUTOS = YES_AGGRESSIVE;
				GCC_WARN_UNUSED_FUNCTION = YES;
				GCC_WARN_UNUSED_VARIABLE = YES;
				IPHONEOS_DEPLOYMENT_TARGET = 9.2;
				MTL_ENABLE_DEBUG_INFO = NO;
				SDKROOT = iphoneos;
				TARGETED_DEVICE_FAMILY = "1,2";
				VALIDATE_PRODUCT = YES;
			};
			name = Release;
		};
		6751D97C1CA92E7200542F94 /* Debug */ = {
			isa = XCBuildConfiguration;
			buildSettings = {
				ASSETCATALOG_COMPILER_APPICON_NAME = AppIcon;
				INFOPLIST_FILE = demoApplication/Info.plist;
				LD_RUNPATH_SEARCH_PATHS = "$(inherited) @executable_path/Frameworks";
				PRODUCT_BUNDLE_IDENTIFIER = itteam.demoApplication;
				PRODUCT_NAME = "$(TARGET_NAME)";
			};
			name = Debug;
		};
		6751D97D1CA92E7200542F94 /* Release */ = {
			isa = XCBuildConfiguration;
			buildSettings = {
				ASSETCATALOG_COMPILER_APPICON_NAME = AppIcon;
				INFOPLIST_FILE = demoApplication/Info.plist;
				LD_RUNPATH_SEARCH_PATHS = "$(inherited) @executable_path/Frameworks";
				PRODUCT_BUNDLE_IDENTIFIER = itteam.demoApplication;
				PRODUCT_NAME = "$(TARGET_NAME)";
			};
			name = Release;
		};
		6751D97F1CA92E7200542F94 /* Debug */ = {
			isa = XCBuildConfiguration;
			buildSettings = {
				BUNDLE_LOADER = "$(TEST_HOST)";
				INFOPLIST_FILE = demoApplicationTests/Info.plist;
				LD_RUNPATH_SEARCH_PATHS = "$(inherited) @executable_path/Frameworks @loader_path/Frameworks";
				PRODUCT_BUNDLE_IDENTIFIER = itteam.demoApplicationTests;
				PRODUCT_NAME = "$(TARGET_NAME)";
				TEST_HOST = "$(BUILT_PRODUCTS_DIR)/demoApplication.app/demoApplication";
			};
			name = Debug;
		};
		6751D9801CA92E7200542F94 /* Release */ = {
			isa = XCBuildConfiguration;
			buildSettings = {
				BUNDLE_LOADER = "$(TEST_HOST)";
				INFOPLIST_FILE = demoApplicationTests/Info.plist;
				LD_RUNPATH_SEARCH_PATHS = "$(inherited) @executable_path/Frameworks @loader_path/Frameworks";
				PRODUCT_BUNDLE_IDENTIFIER = itteam.demoApplicationTests;
				PRODUCT_NAME = "$(TARGET_NAME)";
				TEST_HOST = "$(BUILT_PRODUCTS_DIR)/demoApplication.app/demoApplication";
			};
			name = Release;
		};
		6751D9821CA92E7200542F94 /* Debug */ = {
			isa = XCBuildConfiguration;
			buildSettings = {
				INFOPLIST_FILE = demoApplicationUITests/Info.plist;
				LD_RUNPATH_SEARCH_PATHS = "$(inherited) @executable_path/Frameworks @loader_path/Frameworks";
				PRODUCT_BUNDLE_IDENTIFIER = itteam.demoApplicationUITests;
				PRODUCT_NAME = "$(TARGET_NAME)";
				TEST_TARGET_NAME = demoApplication;
				USES_XCTRUNNER = YES;
			};
			name = Debug;
		};
		6751D9831CA92E7200542F94 /* Release */ = {
			isa = XCBuildConfiguration;
			buildSettings = {
				INFOPLIST_FILE = demoApplicationUITests/Info.plist;
				LD_RUNPATH_SEARCH_PATHS = "$(inherited) @executable_path/Frameworks @loader_path/Frameworks";
				PRODUCT_BUNDLE_IDENTIFIER = itteam.demoApplicationUITests;
				PRODUCT_NAME = "$(TARGET_NAME)";
				TEST_TARGET_NAME = demoApplication;
				USES_XCTRUNNER = YES;
			};
			name = Release;
		};
/* End XCBuildConfiguration section */

/* Begin XCConfigurationList section */
		6751D9461CA92E7100542F94 /* Build configuration list for PBXProject "demoApplication" */ = {
			isa = XCConfigurationList;
			buildConfigurations = (
				6751D9791CA92E7200542F94 /* Debug */,
				6751D97A1CA92E7200542F94 /* Release */,
			);
			defaultConfigurationIsVisible = 0;
			defaultConfigurationName = Release;
		};
		6751D97B1CA92E7200542F94 /* Build configuration list for PBXNativeTarget "demoApplication" */ = {
			isa = XCConfigurationList;
			buildConfigurations = (
				6751D97C1CA92E7200542F94 /* Debug */,
				6751D97D1CA92E7200542F94 /* Release */,
			);
			defaultConfigurationIsVisible = 0;
		};
		6751D97E1CA92E7200542F94 /* Build configuration list for PBXNativeTarget "demoApplicationTests" */ = {
			isa = XCConfigurationList;
			buildConfigurations = (
				6751D97F1CA92E7200542F94 /* Debug */,
				6751D9801CA92E7200542F94 /* Release */,
			);
			defaultConfigurationIsVisible = 0;
		};
		6751D9811CA92E7200542F94 /* Build configuration list for PBXNativeTarget "demoApplicationUITests" */ = {
			isa = XCConfigurationList;
			buildConfigurations = (
				6751D9821CA92E7200542F94 /* Debug */,
				6751D9831CA92E7200542F94 /* Release */,
			);
			defaultConfigurationIsVisible = 0;
		};
/* End XCConfigurationList section */

/* Begin XCVersionGroup section */
		6751D95A1CA92E7100542F94 /* demoApplication.xcdatamodeld */ = {
			isa = XCVersionGroup;
			children = (
				6751D95B1CA92E7100542F94 /* demoApplication.xcdatamodel */,
			);
			currentVersion = 6751D95B1CA92E7100542F94 /* demoApplication.xcdatamodel */;
			path = demoApplication.xcdatamodeld;
			sourceTree = "<group>";
			versionGroupType = wrapper.xcdatamodel;
		};
/* End XCVersionGroup section */
	};
	rootObject = 6751D9431CA92E7100542F94 /* Project object */;
}
